// !$*UTF8*$!
{
	archiveVersion = 1;
	classes = {
	};
	objectVersion = 55;
	objects = {

/* Begin PBXBuildFile section */
		23C1878A185A31DA10ADA6DD /* Pods_testci.framework in Frameworks */ = {isa = PBXBuildFile; fileRef = 21B9814EF9C7BD3A815790E2 /* Pods_testci.framework */; };
		733723944539351B4B94A6BD /* Pods_testciTests.framework in Frameworks */ = {isa = PBXBuildFile; fileRef = CF1583455A3718901D82107C /* Pods_testciTests.framework */; };
		8EEFEA7C2845DFD40063604A /* AppDelegate.swift in Sources */ = {isa = PBXBuildFile; fileRef = 8EEFEA7B2845DFD40063604A /* AppDelegate.swift */; };
		8EEFEA7E2845DFD40063604A /* SceneDelegate.swift in Sources */ = {isa = PBXBuildFile; fileRef = 8EEFEA7D2845DFD40063604A /* SceneDelegate.swift */; };
		8EEFEA802845DFD40063604A /* ViewController.swift in Sources */ = {isa = PBXBuildFile; fileRef = 8EEFEA7F2845DFD40063604A /* ViewController.swift */; };
		8EEFEA832845DFD40063604A /* Main.storyboard in Resources */ = {isa = PBXBuildFile; fileRef = 8EEFEA812845DFD40063604A /* Main.storyboard */; };
		8EEFEA852845DFD60063604A /* Assets.xcassets in Resources */ = {isa = PBXBuildFile; fileRef = 8EEFEA842845DFD60063604A /* Assets.xcassets */; };
		8EEFEA882845DFD60063604A /* LaunchScreen.storyboard in Resources */ = {isa = PBXBuildFile; fileRef = 8EEFEA862845DFD60063604A /* LaunchScreen.storyboard */; };
		8EEFEA932845DFD60063604A /* testciTests.swift in Sources */ = {isa = PBXBuildFile; fileRef = 8EEFEA922845DFD60063604A /* testciTests.swift */; };
/* End PBXBuildFile section */

/* Begin PBXContainerItemProxy section */
		8EEFEA8F2845DFD60063604A /* PBXContainerItemProxy */ = {
			isa = PBXContainerItemProxy;
			containerPortal = 8EEFEA702845DFD30063604A /* Project object */;
			proxyType = 1;
			remoteGlobalIDString = 8EEFEA772845DFD40063604A;
			remoteInfo = testci;
		};
/* End PBXContainerItemProxy section */

/* Begin PBXFileReference section */
		21B9814EF9C7BD3A815790E2 /* Pods_testci.framework */ = {isa = PBXFileReference; explicitFileType = wrapper.framework; includeInIndex = 0; path = Pods_testci.framework; sourceTree = BUILT_PRODUCTS_DIR; };
		7D44E6C811FEF3F599BD06A9 /* Pods-testci.debug.xcconfig */ = {isa = PBXFileReference; includeInIndex = 1; lastKnownFileType = text.xcconfig; name = "Pods-testci.debug.xcconfig"; path = "Target Support Files/Pods-testci/Pods-testci.debug.xcconfig"; sourceTree = "<group>"; };
		8EEFEA782845DFD40063604A /* testci.app */ = {isa = PBXFileReference; explicitFileType = wrapper.application; includeInIndex = 0; path = testci.app; sourceTree = BUILT_PRODUCTS_DIR; };
		8EEFEA7B2845DFD40063604A /* AppDelegate.swift */ = {isa = PBXFileReference; lastKnownFileType = sourcecode.swift; path = AppDelegate.swift; sourceTree = "<group>"; };
		8EEFEA7D2845DFD40063604A /* SceneDelegate.swift */ = {isa = PBXFileReference; lastKnownFileType = sourcecode.swift; path = SceneDelegate.swift; sourceTree = "<group>"; };
		8EEFEA7F2845DFD40063604A /* ViewController.swift */ = {isa = PBXFileReference; lastKnownFileType = sourcecode.swift; path = ViewController.swift; sourceTree = "<group>"; };
		8EEFEA822845DFD40063604A /* Base */ = {isa = PBXFileReference; lastKnownFileType = file.storyboard; name = Base; path = Base.lproj/Main.storyboard; sourceTree = "<group>"; };
		8EEFEA842845DFD60063604A /* Assets.xcassets */ = {isa = PBXFileReference; lastKnownFileType = folder.assetcatalog; path = Assets.xcassets; sourceTree = "<group>"; };
		8EEFEA872845DFD60063604A /* Base */ = {isa = PBXFileReference; lastKnownFileType = file.storyboard; name = Base; path = Base.lproj/LaunchScreen.storyboard; sourceTree = "<group>"; };
		8EEFEA892845DFD60063604A /* Info.plist */ = {isa = PBXFileReference; lastKnownFileType = text.plist.xml; path = Info.plist; sourceTree = "<group>"; };
		8EEFEA8E2845DFD60063604A /* testciTests.xctest */ = {isa = PBXFileReference; explicitFileType = wrapper.cfbundle; includeInIndex = 0; path = testciTests.xctest; sourceTree = BUILT_PRODUCTS_DIR; };
		8EEFEA922845DFD60063604A /* testciTests.swift */ = {isa = PBXFileReference; lastKnownFileType = sourcecode.swift; path = testciTests.swift; sourceTree = "<group>"; };
		A8B367BD6AF57ADB14DD585D /* Pods-testciTests.release.xcconfig */ = {isa = PBXFileReference; includeInIndex = 1; lastKnownFileType = text.xcconfig; name = "Pods-testciTests.release.xcconfig"; path = "Target Support Files/Pods-testciTests/Pods-testciTests.release.xcconfig"; sourceTree = "<group>"; };
		BDEC1ACD3472D4E5695779DE /* Pods-testci.release.xcconfig */ = {isa = PBXFileReference; includeInIndex = 1; lastKnownFileType = text.xcconfig; name = "Pods-testci.release.xcconfig"; path = "Target Support Files/Pods-testci/Pods-testci.release.xcconfig"; sourceTree = "<group>"; };
		C067EDA3D3EFC14BEF59F8D3 /* Pods-testciTests.debug.xcconfig */ = {isa = PBXFileReference; includeInIndex = 1; lastKnownFileType = text.xcconfig; name = "Pods-testciTests.debug.xcconfig"; path = "Target Support Files/Pods-testciTests/Pods-testciTests.debug.xcconfig"; sourceTree = "<group>"; };
		CF1583455A3718901D82107C /* Pods_testciTests.framework */ = {isa = PBXFileReference; explicitFileType = wrapper.framework; includeInIndex = 0; path = Pods_testciTests.framework; sourceTree = BUILT_PRODUCTS_DIR; };
/* End PBXFileReference section */

/* Begin PBXFrameworksBuildPhase section */
		8EEFEA752845DFD40063604A /* Frameworks */ = {
			isa = PBXFrameworksBuildPhase;
			buildActionMask = 2147483647;
			files = (
				23C1878A185A31DA10ADA6DD /* Pods_testci.framework in Frameworks */,
			);
			runOnlyForDeploymentPostprocessing = 0;
		};
		8EEFEA8B2845DFD60063604A /* Frameworks */ = {
			isa = PBXFrameworksBuildPhase;
			buildActionMask = 2147483647;
			files = (
				733723944539351B4B94A6BD /* Pods_testciTests.framework in Frameworks */,
			);
			runOnlyForDeploymentPostprocessing = 0;
		};
/* End PBXFrameworksBuildPhase section */

/* Begin PBXGroup section */
		2AE94FC4DC59F91AAF34420C /* Pods */ = {
			isa = PBXGroup;
			children = (
				7D44E6C811FEF3F599BD06A9 /* Pods-testci.debug.xcconfig */,
				BDEC1ACD3472D4E5695779DE /* Pods-testci.release.xcconfig */,
				C067EDA3D3EFC14BEF59F8D3 /* Pods-testciTests.debug.xcconfig */,
				A8B367BD6AF57ADB14DD585D /* Pods-testciTests.release.xcconfig */,
			);
			name = Pods;
			path = Pods;
			sourceTree = "<group>";
		};
		8EEFEA6F2845DFD30063604A = {
			isa = PBXGroup;
			children = (
				8EEFEA7A2845DFD40063604A /* testci */,
				8EEFEA912845DFD60063604A /* testciTests */,
				8EEFEA792845DFD40063604A /* Products */,
				2AE94FC4DC59F91AAF34420C /* Pods */,
				988D2800569F686B398A2F9F /* Frameworks */,
			);
			sourceTree = "<group>";
		};
		8EEFEA792845DFD40063604A /* Products */ = {
			isa = PBXGroup;
			children = (
				8EEFEA782845DFD40063604A /* testci.app */,
				8EEFEA8E2845DFD60063604A /* testciTests.xctest */,
			);
			name = Products;
			sourceTree = "<group>";
		};
		8EEFEA7A2845DFD40063604A /* testci */ = {
			isa = PBXGroup;
			children = (
				8EEFEA7B2845DFD40063604A /* AppDelegate.swift */,
				8EEFEA7D2845DFD40063604A /* SceneDelegate.swift */,
				8EEFEA7F2845DFD40063604A /* ViewController.swift */,
				8EEFEA812845DFD40063604A /* Main.storyboard */,
				8EEFEA842845DFD60063604A /* Assets.xcassets */,
				8EEFEA862845DFD60063604A /* LaunchScreen.storyboard */,
				8EEFEA892845DFD60063604A /* Info.plist */,
			);
			path = testci;
			sourceTree = "<group>";
		};
		8EEFEA912845DFD60063604A /* testciTests */ = {
			isa = PBXGroup;
			children = (
				8EEFEA922845DFD60063604A /* testciTests.swift */,
			);
			path = testciTests;
			sourceTree = "<group>";
		};
		988D2800569F686B398A2F9F /* Frameworks */ = {
			isa = PBXGroup;
			children = (
				21B9814EF9C7BD3A815790E2 /* Pods_testci.framework */,
				CF1583455A3718901D82107C /* Pods_testciTests.framework */,
			);
			name = Frameworks;
			sourceTree = "<group>";
		};
/* End PBXGroup section */

/* Begin PBXNativeTarget section */
		8EEFEA772845DFD40063604A /* testci */ = {
			isa = PBXNativeTarget;
			buildConfigurationList = 8EEFEAA22845DFD60063604A /* Build configuration list for PBXNativeTarget "testci" */;
			buildPhases = (
				949D60BAD08BD7A6894C7E77 /* [CP] Check Pods Manifest.lock */,
				8EEFEA742845DFD40063604A /* Sources */,
				8EEFEA752845DFD40063604A /* Frameworks */,
				8EEFEA762845DFD40063604A /* Resources */,
				385FD378E4C2CA76BD2602A8 /* [CP] Embed Pods Frameworks */,
			);
			buildRules = (
			);
			dependencies = (
			);
			name = testci;
			productName = testci;
			productReference = 8EEFEA782845DFD40063604A /* testci.app */;
			productType = "com.apple.product-type.application";
		};
		8EEFEA8D2845DFD60063604A /* testciTests */ = {
			isa = PBXNativeTarget;
			buildConfigurationList = 8EEFEAA52845DFD60063604A /* Build configuration list for PBXNativeTarget "testciTests" */;
			buildPhases = (
				C209A9D49B6CE674F780C771 /* [CP] Check Pods Manifest.lock */,
				8EEFEA8A2845DFD60063604A /* Sources */,
				8EEFEA8B2845DFD60063604A /* Frameworks */,
				8EEFEA8C2845DFD60063604A /* Resources */,
			);
			buildRules = (
			);
			dependencies = (
				8EEFEA902845DFD60063604A /* PBXTargetDependency */,
			);
			name = testciTests;
			productName = testciTests;
			productReference = 8EEFEA8E2845DFD60063604A /* testciTests.xctest */;
			productType = "com.apple.product-type.bundle.unit-test";
		};
/* End PBXNativeTarget section */

/* Begin PBXProject section */
		8EEFEA702845DFD30063604A /* Project object */ = {
			isa = PBXProject;
			attributes = {
				BuildIndependentTargetsInParallel = 1;
				LastSwiftUpdateCheck = 1330;
				LastUpgradeCheck = 1330;
				TargetAttributes = {
					8EEFEA772845DFD40063604A = {
						CreatedOnToolsVersion = 13.3;
					};
					8EEFEA8D2845DFD60063604A = {
						CreatedOnToolsVersion = 13.3;
						TestTargetID = 8EEFEA772845DFD40063604A;
					};
				};
			};
			buildConfigurationList = 8EEFEA732845DFD30063604A /* Build configuration list for PBXProject "testci" */;
			compatibilityVersion = "Xcode 13.0";
			developmentRegion = en;
			hasScannedForEncodings = 0;
			knownRegions = (
				en,
				Base,
			);
			mainGroup = 8EEFEA6F2845DFD30063604A;
			productRefGroup = 8EEFEA792845DFD40063604A /* Products */;
			projectDirPath = "";
			projectRoot = "";
			targets = (
				8EEFEA772845DFD40063604A /* testci */,
				8EEFEA8D2845DFD60063604A /* testciTests */,
			);
		};
/* End PBXProject section */

/* Begin PBXResourcesBuildPhase section */
		8EEFEA762845DFD40063604A /* Resources */ = {
			isa = PBXResourcesBuildPhase;
			buildActionMask = 2147483647;
			files = (
				8EEFEA882845DFD60063604A /* LaunchScreen.storyboard in Resources */,
				8EEFEA852845DFD60063604A /* Assets.xcassets in Resources */,
				8EEFEA832845DFD40063604A /* Main.storyboard in Resources */,
			);
			runOnlyForDeploymentPostprocessing = 0;
		};
		8EEFEA8C2845DFD60063604A /* Resources */ = {
			isa = PBXResourcesBuildPhase;
			buildActionMask = 2147483647;
			files = (
			);
			runOnlyForDeploymentPostprocessing = 0;
		};
/* End PBXResourcesBuildPhase section */

/* Begin PBXShellScriptBuildPhase section */
		385FD378E4C2CA76BD2602A8 /* [CP] Embed Pods Frameworks */ = {
			isa = PBXShellScriptBuildPhase;
			buildActionMask = 2147483647;
			files = (
			);
			inputFileListPaths = (
				"${PODS_ROOT}/Target Support Files/Pods-testci/Pods-testci-frameworks-${CONFIGURATION}-input-files.xcfilelist",
			);
			name = "[CP] Embed Pods Frameworks";
			outputFileListPaths = (
				"${PODS_ROOT}/Target Support Files/Pods-testci/Pods-testci-frameworks-${CONFIGURATION}-output-files.xcfilelist",
			);
			runOnlyForDeploymentPostprocessing = 0;
			shellPath = /bin/sh;
			shellScript = "\"${PODS_ROOT}/Target Support Files/Pods-testci/Pods-testci-frameworks.sh\"\n";
			showEnvVarsInLog = 0;
		};
		949D60BAD08BD7A6894C7E77 /* [CP] Check Pods Manifest.lock */ = {
			isa = PBXShellScriptBuildPhase;
			buildActionMask = 2147483647;
			files = (
			);
			inputFileListPaths = (
			);
			inputPaths = (
				"${PODS_PODFILE_DIR_PATH}/Podfile.lock",
				"${PODS_ROOT}/Manifest.lock",
			);
			name = "[CP] Check Pods Manifest.lock";
			outputFileListPaths = (
			);
			outputPaths = (
				"$(DERIVED_FILE_DIR)/Pods-testci-checkManifestLockResult.txt",
			);
			runOnlyForDeploymentPostprocessing = 0;
			shellPath = /bin/sh;
			shellScript = "diff \"${PODS_PODFILE_DIR_PATH}/Podfile.lock\" \"${PODS_ROOT}/Manifest.lock\" > /dev/null\nif [ $? != 0 ] ; then\n    # print error to STDERR\n    echo \"error: The sandbox is not in sync with the Podfile.lock. Run 'pod install' or update your CocoaPods installation.\" >&2\n    exit 1\nfi\n# This output is used by Xcode 'outputs' to avoid re-running this script phase.\necho \"SUCCESS\" > \"${SCRIPT_OUTPUT_FILE_0}\"\n";
			showEnvVarsInLog = 0;
		};
		C209A9D49B6CE674F780C771 /* [CP] Check Pods Manifest.lock */ = {
			isa = PBXShellScriptBuildPhase;
			buildActionMask = 2147483647;
			files = (
			);
			inputFileListPaths = (
			);
			inputPaths = (
				"${PODS_PODFILE_DIR_PATH}/Podfile.lock",
				"${PODS_ROOT}/Manifest.lock",
			);
			name = "[CP] Check Pods Manifest.lock";
			outputFileListPaths = (
			);
			outputPaths = (
				"$(DERIVED_FILE_DIR)/Pods-testciTests-checkManifestLockResult.txt",
			);
			runOnlyForDeploymentPostprocessing = 0;
			shellPath = /bin/sh;
			shellScript = "diff \"${PODS_PODFILE_DIR_PATH}/Podfile.lock\" \"${PODS_ROOT}/Manifest.lock\" > /dev/null\nif [ $? != 0 ] ; then\n    # print error to STDERR\n    echo \"error: The sandbox is not in sync with the Podfile.lock. Run 'pod install' or update your CocoaPods installation.\" >&2\n    exit 1\nfi\n# This output is used by Xcode 'outputs' to avoid re-running this script phase.\necho \"SUCCESS\" > \"${SCRIPT_OUTPUT_FILE_0}\"\n";
			showEnvVarsInLog = 0;
		};
/* End PBXShellScriptBuildPhase section */

/* Begin PBXSourcesBuildPhase section */
		8EEFEA742845DFD40063604A /* Sources */ = {
			isa = PBXSourcesBuildPhase;
			buildActionMask = 2147483647;
			files = (
				8EEFEA802845DFD40063604A /* ViewController.swift in Sources */,
				8EEFEA7C2845DFD40063604A /* AppDelegate.swift in Sources */,
				8EEFEA7E2845DFD40063604A /* SceneDelegate.swift in Sources */,
			);
			runOnlyForDeploymentPostprocessing = 0;
		};
		8EEFEA8A2845DFD60063604A /* Sources */ = {
			isa = PBXSourcesBuildPhase;
			buildActionMask = 2147483647;
			files = (
				8EEFEA932845DFD60063604A /* testciTests.swift in Sources */,
			);
			runOnlyForDeploymentPostprocessing = 0;
		};
/* End PBXSourcesBuildPhase section */

/* Begin PBXTargetDependency section */
		8EEFEA902845DFD60063604A /* PBXTargetDependency */ = {
			isa = PBXTargetDependency;
			target = 8EEFEA772845DFD40063604A /* testci */;
			targetProxy = 8EEFEA8F2845DFD60063604A /* PBXContainerItemProxy */;
		};
/* End PBXTargetDependency section */

/* Begin PBXVariantGroup section */
		8EEFEA812845DFD40063604A /* Main.storyboard */ = {
			isa = PBXVariantGroup;
			children = (
				8EEFEA822845DFD40063604A /* Base */,
			);
			name = Main.storyboard;
			sourceTree = "<group>";
		};
		8EEFEA862845DFD60063604A /* LaunchScreen.storyboard */ = {
			isa = PBXVariantGroup;
			children = (
				8EEFEA872845DFD60063604A /* Base */,
			);
			name = LaunchScreen.storyboard;
			sourceTree = "<group>";
		};
/* End PBXVariantGroup section */

/* Begin XCBuildConfiguration section */
		8EEFEAA02845DFD60063604A /* Debug */ = {
			isa = XCBuildConfiguration;
			buildSettings = {
				ALWAYS_SEARCH_USER_PATHS = NO;
				CLANG_ANALYZER_NONNULL = YES;
				CLANG_ANALYZER_NUMBER_OBJECT_CONVERSION = YES_AGGRESSIVE;
				CLANG_CXX_LANGUAGE_STANDARD = "gnu++17";
				CLANG_ENABLE_MODULES = YES;
				CLANG_ENABLE_OBJC_ARC = YES;
				CLANG_ENABLE_OBJC_WEAK = YES;
				CLANG_WARN_BLOCK_CAPTURE_AUTORELEASING = YES;
				CLANG_WARN_BOOL_CONVERSION = YES;
				CLANG_WARN_COMMA = YES;
				CLANG_WARN_CONSTANT_CONVERSION = YES;
				CLANG_WARN_DEPRECATED_OBJC_IMPLEMENTATIONS = YES;
				CLANG_WARN_DIRECT_OBJC_ISA_USAGE = YES_ERROR;
				CLANG_WARN_DOCUMENTATION_COMMENTS = YES;
				CLANG_WARN_EMPTY_BODY = YES;
				CLANG_WARN_ENUM_CONVERSION = YES;
				CLANG_WARN_INFINITE_RECURSION = YES;
				CLANG_WARN_INT_CONVERSION = YES;
				CLANG_WARN_NON_LITERAL_NULL_CONVERSION = YES;
				CLANG_WARN_OBJC_IMPLICIT_RETAIN_SELF = YES;
				CLANG_WARN_OBJC_LITERAL_CONVERSION = YES;
				CLANG_WARN_OBJC_ROOT_CLASS = YES_ERROR;
				CLANG_WARN_QUOTED_INCLUDE_IN_FRAMEWORK_HEADER = YES;
				CLANG_WARN_RANGE_LOOP_ANALYSIS = YES;
				CLANG_WARN_STRICT_PROTOTYPES = YES;
				CLANG_WARN_SUSPICIOUS_MOVE = YES;
				CLANG_WARN_UNGUARDED_AVAILABILITY = YES_AGGRESSIVE;
				CLANG_WARN_UNREACHABLE_CODE = YES;
				CLANG_WARN__DUPLICATE_METHOD_MATCH = YES;
				COPY_PHASE_STRIP = NO;
				DEBUG_INFORMATION_FORMAT = dwarf;
				ENABLE_STRICT_OBJC_MSGSEND = YES;
				ENABLE_TESTABILITY = YES;
				GCC_C_LANGUAGE_STANDARD = gnu11;
				GCC_DYNAMIC_NO_PIC = NO;
				GCC_NO_COMMON_BLOCKS = YES;
				GCC_OPTIMIZATION_LEVEL = 0;
				GCC_PREPROCESSOR_DEFINITIONS = (
					"DEBUG=1",
					"$(inherited)",
				);
				GCC_WARN_64_TO_32_BIT_CONVERSION = YES;
				GCC_WARN_ABOUT_RETURN_TYPE = YES_ERROR;
				GCC_WARN_UNDECLARED_SELECTOR = YES;
				GCC_WARN_UNINITIALIZED_AUTOS = YES_AGGRESSIVE;
				GCC_WARN_UNUSED_FUNCTION = YES;
				GCC_WARN_UNUSED_VARIABLE = YES;
				IPHONEOS_DEPLOYMENT_TARGET = 15.4;
				MTL_ENABLE_DEBUG_INFO = INCLUDE_SOURCE;
				MTL_FAST_MATH = YES;
				ONLY_ACTIVE_ARCH = YES;
				SDKROOT = iphoneos;
				SWIFT_ACTIVE_COMPILATION_CONDITIONS = DEBUG;
				SWIFT_OPTIMIZATION_LEVEL = "-Onone";
			};
			name = Debug;
		};
		8EEFEAA12845DFD60063604A /* Release */ = {
			isa = XCBuildConfiguration;
			buildSettings = {
				ALWAYS_SEARCH_USER_PATHS = NO;
				CLANG_ANALYZER_NONNULL = YES;
				CLANG_ANALYZER_NUMBER_OBJECT_CONVERSION = YES_AGGRESSIVE;
				CLANG_CXX_LANGUAGE_STANDARD = "gnu++17";
				CLANG_ENABLE_MODULES = YES;
				CLANG_ENABLE_OBJC_ARC = YES;
				CLANG_ENABLE_OBJC_WEAK = YES;
				CLANG_WARN_BLOCK_CAPTURE_AUTORELEASING = YES;
				CLANG_WARN_BOOL_CONVERSION = YES;
				CLANG_WARN_COMMA = YES;
				CLANG_WARN_CONSTANT_CONVERSION = YES;
				CLANG_WARN_DEPRECATED_OBJC_IMPLEMENTATIONS = YES;
				CLANG_WARN_DIRECT_OBJC_ISA_USAGE = YES_ERROR;
				CLANG_WARN_DOCUMENTATION_COMMENTS = YES;
				CLANG_WARN_EMPTY_BODY = YES;
				CLANG_WARN_ENUM_CONVERSION = YES;
				CLANG_WARN_INFINITE_RECURSION = YES;
				CLANG_WARN_INT_CONVERSION = YES;
				CLANG_WARN_NON_LITERAL_NULL_CONVERSION = YES;
				CLANG_WARN_OBJC_IMPLICIT_RETAIN_SELF = YES;
				CLANG_WARN_OBJC_LITERAL_CONVERSION = YES;
				CLANG_WARN_OBJC_ROOT_CLASS = YES_ERROR;
				CLANG_WARN_QUOTED_INCLUDE_IN_FRAMEWORK_HEADER = YES;
				CLANG_WARN_RANGE_LOOP_ANALYSIS = YES;
				CLANG_WARN_STRICT_PROTOTYPES = YES;
				CLANG_WARN_SUSPICIOUS_MOVE = YES;
				CLANG_WARN_UNGUARDED_AVAILABILITY = YES_AGGRESSIVE;
				CLANG_WARN_UNREACHABLE_CODE = YES;
				CLANG_WARN__DUPLICATE_METHOD_MATCH = YES;
				COPY_PHASE_STRIP = NO;
				DEBUG_INFORMATION_FORMAT = "dwarf-with-dsym";
				ENABLE_NS_ASSERTIONS = NO;
				ENABLE_STRICT_OBJC_MSGSEND = YES;
				GCC_C_LANGUAGE_STANDARD = gnu11;
				GCC_NO_COMMON_BLOCKS = YES;
				GCC_WARN_64_TO_32_BIT_CONVERSION = YES;
				GCC_WARN_ABOUT_RETURN_TYPE = YES_ERROR;
				GCC_WARN_UNDECLARED_SELECTOR = YES;
				GCC_WARN_UNINITIALIZED_AUTOS = YES_AGGRESSIVE;
				GCC_WARN_UNUSED_FUNCTION = YES;
				GCC_WARN_UNUSED_VARIABLE = YES;
				IPHONEOS_DEPLOYMENT_TARGET = 15.4;
				MTL_ENABLE_DEBUG_INFO = NO;
				MTL_FAST_MATH = YES;
				SDKROOT = iphoneos;
				SWIFT_COMPILATION_MODE = wholemodule;
				SWIFT_OPTIMIZATION_LEVEL = "-O";
				VALIDATE_PRODUCT = YES;
			};
			name = Release;
		};
		8EEFEAA32845DFD60063604A /* Debug */ = {
			isa = XCBuildConfiguration;
			baseConfigurationReference = 7D44E6C811FEF3F599BD06A9 /* Pods-testci.debug.xcconfig */;
			buildSettings = {
				ASSETCATALOG_COMPILER_APPICON_NAME = AppIcon;
				ASSETCATALOG_COMPILER_GLOBAL_ACCENT_COLOR_NAME = AccentColor;
				CODE_SIGN_STYLE = Automatic;
				CURRENT_PROJECT_VERSION = 1;
				GENERATE_INFOPLIST_FILE = YES;
				INFOPLIST_FILE = testci/Info.plist;
				INFOPLIST_KEY_UIApplicationSupportsIndirectInputEvents = YES;
				INFOPLIST_KEY_UILaunchStoryboardName = LaunchScreen;
				INFOPLIST_KEY_UIMainStoryboardFile = Main;
				INFOPLIST_KEY_UISupportedInterfaceOrientations_iPad = "UIInterfaceOrientationPortrait UIInterfaceOrientationPortraitUpsideDown UIInterfaceOrientationLandscapeLeft UIInterfaceOrientationLandscapeRight";
				INFOPLIST_KEY_UISupportedInterfaceOrientations_iPhone = "UIInterfaceOrientationPortrait UIInterfaceOrientationLandscapeLeft UIInterfaceOrientationLandscapeRight";
				LD_RUNPATH_SEARCH_PATHS = (
					"$(inherited)",
					"@executable_path/Frameworks",
				);
				MARKETING_VERSION = 1.0;
				PRODUCT_BUNDLE_IDENTIFIER = com.StrechCapitals.testci;
				PRODUCT_NAME = "$(TARGET_NAME)";
				SWIFT_EMIT_LOC_STRINGS = YES;
				SWIFT_VERSION = 5.0;
				TARGETED_DEVICE_FAMILY = 1;
			};
			name = Debug;
		};
		8EEFEAA42845DFD60063604A /* Release */ = {
			isa = XCBuildConfiguration;
			baseConfigurationReference = BDEC1ACD3472D4E5695779DE /* Pods-testci.release.xcconfig */;
			buildSettings = {
				ASSETCATALOG_COMPILER_APPICON_NAME = AppIcon;
				ASSETCATALOG_COMPILER_GLOBAL_ACCENT_COLOR_NAME = AccentColor;
				CODE_SIGN_STYLE = Automatic;
				CURRENT_PROJECT_VERSION = 1;
				GENERATE_INFOPLIST_FILE = YES;
				INFOPLIST_FILE = testci/Info.plist;
				INFOPLIST_KEY_UIApplicationSupportsIndirectInputEvents = YES;
				INFOPLIST_KEY_UILaunchStoryboardName = LaunchScreen;
				INFOPLIST_KEY_UIMainStoryboardFile = Main;
				INFOPLIST_KEY_UISupportedInterfaceOrientations_iPad = "UIInterfaceOrientationPortrait UIInterfaceOrientationPortraitUpsideDown UIInterfaceOrientationLandscapeLeft UIInterfaceOrientationLandscapeRight";
				INFOPLIST_KEY_UISupportedInterfaceOrientations_iPhone = "UIInterfaceOrientationPortrait UIInterfaceOrientationLandscapeLeft UIInterfaceOrientationLandscapeRight";
				LD_RUNPATH_SEARCH_PATHS = (
					"$(inherited)",
					"@executable_path/Frameworks",
				);
				MARKETING_VERSION = 1.0;
				PRODUCT_BUNDLE_IDENTIFIER = com.StrechCapitals.testci;
				PRODUCT_NAME = "$(TARGET_NAME)";
				SWIFT_EMIT_LOC_STRINGS = YES;
				SWIFT_VERSION = 5.0;
				TARGETED_DEVICE_FAMILY = 1;
			};
			name = Release;
		};
		8EEFEAA62845DFD60063604A /* Debug */ = {
			isa = XCBuildConfiguration;
			baseConfigurationReference = C067EDA3D3EFC14BEF59F8D3 /* Pods-testciTests.debug.xcconfig */;
			buildSettings = {
				ALWAYS_EMBED_SWIFT_STANDARD_LIBRARIES = YES;
				BUNDLE_LOADER = "$(TEST_HOST)";
				CODE_SIGN_STYLE = Automatic;
				CURRENT_PROJECT_VERSION = 1;
				GENERATE_INFOPLIST_FILE = YES;
				IPHONEOS_DEPLOYMENT_TARGET = 15.4;
				MARKETING_VERSION = 1.0;
				PRODUCT_BUNDLE_IDENTIFIER = com.StrechCapitals.testciTests;
				PRODUCT_NAME = "$(TARGET_NAME)";
				SWIFT_EMIT_LOC_STRINGS = NO;
				SWIFT_VERSION = 5.0;
				TARGETED_DEVICE_FAMILY = "1,2";
				TEST_HOST = "$(BUILT_PRODUCTS_DIR)/testci.app/testci";
			};
			name = Debug;
		};
		8EEFEAA72845DFD60063604A /* Release */ = {
			isa = XCBuildConfiguration;
			baseConfigurationReference = A8B367BD6AF57ADB14DD585D /* Pods-testciTests.release.xcconfig */;
			buildSettings = {
				ALWAYS_EMBED_SWIFT_STANDARD_LIBRARIES = YES;
				BUNDLE_LOADER = "$(TEST_HOST)";
				CODE_SIGN_STYLE = Automatic;
				CURRENT_PROJECT_VERSION = 1;
				GENERATE_INFOPLIST_FILE = YES;
				IPHONEOS_DEPLOYMENT_TARGET = 15.4;
				MARKETING_VERSION = 1.0;
				PRODUCT_BUNDLE_IDENTIFIER = com.StrechCapitals.testciTests;
				PRODUCT_NAME = "$(TARGET_NAME)";
				SWIFT_EMIT_LOC_STRINGS = NO;
				SWIFT_VERSION = 5.0;
				TARGETED_DEVICE_FAMILY = "1,2";
				TEST_HOST = "$(BUILT_PRODUCTS_DIR)/testci.app/testci";
			};
			name = Release;
		};
/* End XCBuildConfiguration section */

/* Begin XCConfigurationList section */
		8EEFEA732845DFD30063604A /* Build configuration list for PBXProject "testci" */ = {
			isa = XCConfigurationList;
			buildConfigurations = (
				8EEFEAA02845DFD60063604A /* Debug */,
				8EEFEAA12845DFD60063604A /* Release */,
			);
			defaultConfigurationIsVisible = 0;
			defaultConfigurationName = Release;
		};
		8EEFEAA22845DFD60063604A /* Build configuration list for PBXNativeTarget "testci" */ = {
			isa = XCConfigurationList;
			buildConfigurations = (
				8EEFEAA32845DFD60063604A /* Debug */,
				8EEFEAA42845DFD60063604A /* Release */,
			);
			defaultConfigurationIsVisible = 0;
			defaultConfigurationName = Release;
		};
		8EEFEAA52845DFD60063604A /* Build configuration list for PBXNativeTarget "testciTests" */ = {
			isa = XCConfigurationList;
			buildConfigurations = (
				8EEFEAA62845DFD60063604A /* Debug */,
				8EEFEAA72845DFD60063604A /* Release */,
			);
			defaultConfigurationIsVisible = 0;
			defaultConfigurationName = Release;
		};
/* End XCConfigurationList section */
	};
	rootObject = 8EEFEA702845DFD30063604A /* Project object */;
}
